{
  "name": "firebase_cloud",
  "lockfileVersion": 2,
  "requires": true,
  "packages": {
    "": {
      "dependencies": {
        "remove-accents": "^0.4.4",
        "vn-remove-accents": "^1.0.0"
      }
    },
    "node_modules/remove-accents": {
      "version": "0.4.4",
      "resolved": "https://registry.npmjs.org/remove-accents/-/remove-accents-0.4.4.tgz",
      "integrity": "sha512-EpFcOa/ISetVHEXqu+VwI96KZBmq+a8LJnGkaeFw45epGlxIZz5dhEEnNZMsQXgORu3qaMoLX4qJCzOik6ytAg=="
    },
    "node_modules/vn-remove-accents": {
      "version": "1.0.0",
      "resolved": "https://registry.npmjs.org/vn-remove-accents/-/vn-remove-accents-1.0.0.tgz",
      "integrity": "sha512-apEy3PAKFes8J/HjsHy6qT0LIIJ7E+y5uVIhwi3rO1hRPhTC8WZziZtp7Lw4UNgQlQ7fuSjOfg77sjD2uni4vQ=="
    }
  },
  "dependencies": {
    "remove-accents": {
      "version": "0.4.4",
      "resolved": "https://registry.npmjs.org/remove-accents/-/remove-accents-0.4.4.tgz",
      "integrity": "sha512-EpFcOa/ISetVHEXqu+VwI96KZBmq+a8LJnGkaeFw45epGlxIZz5dhEEnNZMsQXgORu3qaMoLX4qJCzOik6ytAg=="
    },
    "vn-remove-accents": {
      "version": "1.0.0",
      "resolved": "https://registry.npmjs.org/vn-remove-accents/-/vn-remove-accents-1.0.0.tgz",
      "integrity": "sha512-apEy3PAKFes8J/HjsHy6qT0LIIJ7E+y5uVIhwi3rO1hRPhTC8WZziZtp7Lw4UNgQlQ7fuSjOfg77sjD2uni4vQ=="
    }
  }
}
